
Microsoft Visual Studio Solution File, Format Version 12.00
# Visual Studio Version 17
VisualStudioVersion = 17.0.32014.148
MinimumVisualStudioVersion = 10.0.40219.1
Project("{FAE04EC0-301F-11D3-BF4B-00C04F79EFBC}") = "KuruTemizlemeveTerziOtomasyon", "KuruTemizlemeveTerziOtomasyon\KuruTemizlemeveTerziOtomasyon.csproj", "{8D2A8EB0-0E4A-4EC8-AA76-B3CA9B3C65C3}"
EndProject
Global
	GlobalSection(SolutionConfigurationPlatforms) = preSolution
		Debug|Any CPU = Debug|Any CPU
		Release|Any CPU = Release|Any CPU
	EndGlobalSection
	GlobalSection(ProjectConfigurationPlatforms) = postSolution
		{8D2A8EB0-0E4A-4EC8-AA76-B3CA9B3C65C3}.Debug|Any CPU.ActiveCfg = Debug|Any CPU
		{8D2A8EB0-0E4A-4EC8-AA76-B3CA9B3C65C3}.Debug|Any CPU.Build.0 = Debug|Any CPU
		{8D2A8EB0-0E4A-4EC8-AA76-B3CA9B3C65C3}.Release|Any CPU.ActiveCfg = Release|Any CPU
		{8D2A8EB0-0E4A-4EC8-AA76-B3CA9B3C65C3}.Release|Any CPU.Build.0 = Release|Any CPU
	EndGlobalSection
	GlobalSection(SolutionProperties) = preSolution
		HideSolutionNode = FALSE
	EndGlobalSection
	GlobalSection(ExtensibilityGlobals) = postSolution
		SolutionGuid = {BD90C18F-251C-4EED-822F-E4802E47F902}
	EndGlobalSection
EndGlobal
